
Microsoft Visual Studio Solution File, Format Version 12.00
# Visual Studio Version 17
VisualStudioVersion = 17.2.32616.157
MinimumVisualStudioVersion = 10.0.40219.1
Project("{9A19103F-16F7-4668-BE54-9A1E7A4F7556}") = "HelloWeb", "HelloWeb.csproj", "{984AA02B-4077-4CB7-A256-144EB35E6952}"
EndProject
Global
	GlobalSection(SolutionConfigurationPlatforms) = preSolution
		Debug|Any CPU = Debug|Any CPU
		Release|Any CPU = Release|Any CPU
	EndGlobalSection
	GlobalSection(ProjectConfigurationPlatforms) = postSolution
		{984AA02B-4077-4CB7-A256-144EB35E6952}.Debug|Any CPU.ActiveCfg = Debug|Any CPU
		{984AA02B-4077-4CB7-A256-144EB35E6952}.Debug|Any CPU.Build.0 = Debug|Any CPU
		{984AA02B-4077-4CB7-A256-144EB35E6952}.Release|Any CPU.ActiveCfg = Release|Any CPU
		{984AA02B-4077-4CB7-A256-144EB35E6952}.Release|Any CPU.Build.0 = Release|Any CPU
	EndGlobalSection
	GlobalSection(SolutionProperties) = preSolution
		HideSolutionNode = FALSE
	EndGlobalSection
	GlobalSection(ExtensibilityGlobals) = postSolution
		SolutionGuid = {DF8C0E12-DADF-4EBB-839B-70CFD28B09F2}
	EndGlobalSection
EndGlobal
