
Microsoft Visual Studio Solution File, Format Version 12.00
# Visual Studio Version 17
VisualStudioVersion = 17.3.32811.315
MinimumVisualStudioVersion = 10.0.40219.1
Project("{9A19103F-16F7-4668-BE54-9A1E7A4F7556}") = "HRM.Web", "HRM.Web\HRM.Web.csproj", "{2C6ECAA2-A503-4BD5-813D-C527D3270200}"
EndProject
Project("{9A19103F-16F7-4668-BE54-9A1E7A4F7556}") = "HRM.ApplicationCore", "HRM.ApplicationCore\HRM.ApplicationCore.csproj", "{BF24DF7C-C1F5-40C1-9C5D-767EFA1E8E01}"
EndProject
Project("{9A19103F-16F7-4668-BE54-9A1E7A4F7556}") = "HRM.Infrastructure", "HRM.Infrastructure\HRM.Infrastructure.csproj", "{D33539A7-B824-493D-A389-3DF01EFED5BB}"
EndProject
Global
	GlobalSection(SolutionConfigurationPlatforms) = preSolution
		Debug|Any CPU = Debug|Any CPU
		Release|Any CPU = Release|Any CPU
	EndGlobalSection
	GlobalSection(ProjectConfigurationPlatforms) = postSolution
		{2C6ECAA2-A503-4BD5-813D-C527D3270200}.Debug|Any CPU.ActiveCfg = Debug|Any CPU
		{2C6ECAA2-A503-4BD5-813D-C527D3270200}.Debug|Any CPU.Build.0 = Debug|Any CPU
		{2C6ECAA2-A503-4BD5-813D-C527D3270200}.Release|Any CPU.ActiveCfg = Release|Any CPU
		{2C6ECAA2-A503-4BD5-813D-C527D3270200}.Release|Any CPU.Build.0 = Release|Any CPU
		{BF24DF7C-C1F5-40C1-9C5D-767EFA1E8E01}.Debug|Any CPU.ActiveCfg = Debug|Any CPU
		{BF24DF7C-C1F5-40C1-9C5D-767EFA1E8E01}.Debug|Any CPU.Build.0 = Debug|Any CPU
		{BF24DF7C-C1F5-40C1-9C5D-767EFA1E8E01}.Release|Any CPU.ActiveCfg = Release|Any CPU
		{BF24DF7C-C1F5-40C1-9C5D-767EFA1E8E01}.Release|Any CPU.Build.0 = Release|Any CPU
		{D33539A7-B824-493D-A389-3DF01EFED5BB}.Debug|Any CPU.ActiveCfg = Debug|Any CPU
		{D33539A7-B824-493D-A389-3DF01EFED5BB}.Debug|Any CPU.Build.0 = Debug|Any CPU
		{D33539A7-B824-493D-A389-3DF01EFED5BB}.Release|Any CPU.ActiveCfg = Release|Any CPU
		{D33539A7-B824-493D-A389-3DF01EFED5BB}.Release|Any CPU.Build.0 = Release|Any CPU
	EndGlobalSection
	GlobalSection(SolutionProperties) = preSolution
		HideSolutionNode = FALSE
	EndGlobalSection
	GlobalSection(ExtensibilityGlobals) = postSolution
		SolutionGuid = {D75824E0-96B7-45D7-B87C-A8FF922EF08E}
	EndGlobalSection
EndGlobal
